
Microsoft Visual Studio Solution File, Format Version 12.00
# Visual Studio 15
VisualStudioVersion = 15.0.28307.329
MinimumVisualStudioVersion = 10.0.40219.1
Project("{9A19103F-16F7-4668-BE54-9A1E7A4F7556}") = "PascalTriangleRecursively", "PascalTriangleRecursively\PascalTriangleRecursively.csproj", "{BBB2F8B6-049F-4487-9BAC-4C1C9886E0C1}"
EndProject
Project("{FAE04EC0-301F-11D3-BF4B-00C04F79EFBC}") = "PascalTriangleRecursively.Tests", "PascalTriangleRecursively.Tests\PascalTriangleRecursively.Tests.csproj", "{92D44FFE-2FA1-411B-8CC0-7B466A4341D2}"
EndProject
Global
	GlobalSection(SolutionConfigurationPlatforms) = preSolution
		Debug|Any CPU = Debug|Any CPU
		Release|Any CPU = Release|Any CPU
	EndGlobalSection
	GlobalSection(ProjectConfigurationPlatforms) = postSolution
		{BBB2F8B6-049F-4487-9BAC-4C1C9886E0C1}.Debug|Any CPU.ActiveCfg = Debug|Any CPU
		{BBB2F8B6-049F-4487-9BAC-4C1C9886E0C1}.Debug|Any CPU.Build.0 = Debug|Any CPU
		{BBB2F8B6-049F-4487-9BAC-4C1C9886E0C1}.Release|Any CPU.ActiveCfg = Release|Any CPU
		{BBB2F8B6-049F-4487-9BAC-4C1C9886E0C1}.Release|Any CPU.Build.0 = Release|Any CPU
		{92D44FFE-2FA1-411B-8CC0-7B466A4341D2}.Debug|Any CPU.ActiveCfg = Debug|Any CPU
		{92D44FFE-2FA1-411B-8CC0-7B466A4341D2}.Debug|Any CPU.Build.0 = Debug|Any CPU
		{92D44FFE-2FA1-411B-8CC0-7B466A4341D2}.Release|Any CPU.ActiveCfg = Release|Any CPU
		{92D44FFE-2FA1-411B-8CC0-7B466A4341D2}.Release|Any CPU.Build.0 = Release|Any CPU
	EndGlobalSection
	GlobalSection(SolutionProperties) = preSolution
		HideSolutionNode = FALSE
	EndGlobalSection
	GlobalSection(ExtensibilityGlobals) = postSolution
		SolutionGuid = {413FBAAF-401D-41C3-9FAF-6074139153B6}
	EndGlobalSection
EndGlobal
